# Generated by pub
# See https://dart.dev/tools/pub/glossary#lockfile
packages:
  animations:
    dependency: "direct main"
    description:
      name: animations
      url: "http://pub.tuya-inc.top"
    source: hosted
    version: "1.1.2"
  async:
    dependency: transitive
    description:
      name: async
      url: "http://pub.tuya-inc.top"
    source: hosted
    version: "2.5.0-nullsafety.1"
  boolean_selector:
    dependency: transitive
    description:
      name: boolean_selector
      url: "http://pub.tuya-inc.top"
    source: hosted
    version: "2.1.0-nullsafety.1"
  cached_network_image:
    dependency: "direct main"
    description:
      name: cached_network_image
      url: "http://pub.tuya-inc.top"
    source: hosted
    version: "2.4.1"
  characters:
    dependency: transitive
    description:
      name: characters
      url: "http://pub.tuya-inc.top"
    source: hosted
    version: "1.1.0-nullsafety.3"
  charcode:
    dependency: transitive
    description:
      name: charcode
      url: "http://pub.tuya-inc.top"
    source: hosted
    version: "1.2.0-nullsafety.1"
  clock:
    dependency: transitive
    description:
      name: clock
      url: "http://pub.tuya-inc.top"
    source: hosted
    version: "1.1.0-nullsafety.1"
  collection:
    dependency: transitive
    description:
      name: collection
      url: "http://pub.tuya-inc.top"
    source: hosted
    version: "1.15.0-nullsafety.3"
  common_utils:
    dependency: transitive
    description:
      name: common_utils
      url: "http://pub.tuya-inc.top"
    source: hosted
    version: "1.2.1"
  convert:
    dependency: transitive
    description:
      name: convert
      url: "http://pub.tuya-inc.top"
    source: hosted
    version: "2.1.1"
  crypto:
    dependency: transitive
    description:
      name: crypto
      url: "http://pub.tuya-inc.top"
    source: hosted
    version: "2.1.5"
  cupertino_icons:
    dependency: "direct main"
    description:
      name: cupertino_icons
      url: "http://pub.tuya-inc.top"
    source: hosted
    version: "0.1.3"
  decimal:
    dependency: transitive
    description:
      name: decimal
      url: "http://pub.tuya-inc.top"
    source: hosted
    version: "0.3.5"
  extended_image:
    dependency: "direct main"
    description:
      name: extended_image
      url: "http://pub.tuya-inc.top"
    source: hosted
    version: "0.9.0"
  extended_image_library:
    dependency: transitive
    description:
      name: extended_image_library
      url: "http://pub.tuya-inc.top"
    source: hosted
    version: "0.2.3"
  extended_list:
    dependency: transitive
    description:
      name: extended_list
      url: "http://pub.tuya-inc.top"
    source: hosted
    version: "2.0.2"
  extended_list_library:
    dependency: transitive
    description:
      name: extended_list_library
      url: "http://pub.tuya-inc.top"
    source: hosted
    version: "2.0.0"
  fake_async:
    dependency: transitive
    description:
      name: fake_async
      url: "http://pub.tuya-inc.top"
    source: hosted
    version: "1.2.0-nullsafety.1"
  ffi:
    dependency: transitive
    description:
      name: ffi
      url: "http://pub.tuya-inc.top"
    source: hosted
    version: "0.1.3"
  file:
    dependency: transitive
    description:
      name: file
      url: "http://pub.tuya-inc.top"
    source: hosted
    version: "5.2.1"
  flustars:
    dependency: "direct main"
    description:
      name: flustars
      url: "http://pub.tuya-inc.top"
    source: hosted
    version: "0.2.6+1"
  flutter:
    dependency: "direct main"
    description: flutter
    source: sdk
    version: "0.0.0"
  flutter_blurhash:
    dependency: transitive
    description:
      name: flutter_blurhash
      url: "http://pub.tuya-inc.top"
    source: hosted
    version: "0.5.0"
  flutter_cache_manager:
    dependency: transitive
    description:
      name: flutter_cache_manager
      url: "http://pub.tuya-inc.top"
    source: hosted
    version: "2.0.0"
  flutter_page_indicator:
    dependency: transitive
    description:
      name: flutter_page_indicator
      url: "http://pub.tuya-inc.top"
    source: hosted
    version: "0.0.3"
  flutter_plugin_android_lifecycle:
    dependency: transitive
    description:
      name: flutter_plugin_android_lifecycle
      url: "http://pub.tuya-inc.top"
    source: hosted
    version: "1.0.11"
  flutter_slidable:
    dependency: "direct main"
    description:
      name: flutter_slidable
      url: "http://pub.tuya-inc.top"
    source: hosted
    version: "0.5.7"
  flutter_splash_screen:
    dependency: "direct main"
    description:
      name: flutter_splash_screen
      url: "http://pub.tuya-inc.top"
    source: hosted
    version: "0.1.0"
  flutter_swiper:
    dependency: "direct main"
    description:
      name: flutter_swiper
      url: "http://pub.tuya-inc.top"
    source: hosted
    version: "1.1.6"
  flutter_test:
    dependency: "direct dev"
    description: flutter
    source: sdk
    version: "0.0.0"
  flutter_web_plugins:
    dependency: transitive
    description: flutter
    source: sdk
    version: "0.0.0"
  flutter_webview_plugin:
    dependency: "direct main"
    description:
      name: flutter_webview_plugin
      url: "http://pub.tuya-inc.top"
    source: hosted
    version: "0.3.11"
  fluttertoast:
    dependency: "direct main"
    description:
      name: fluttertoast
      url: "http://pub.tuya-inc.top"
    source: hosted
    version: "3.1.3"
  get:
    dependency: "direct main"
    description:
      name: get
      url: "http://pub.tuya-inc.top"
    source: hosted
    version: "2.14.1"
  http:
    dependency: "direct main"
    description:
      name: http
      url: "http://pub.tuya-inc.top"
    source: hosted
    version: "0.12.2"
  http_client_helper:
    dependency: transitive
    description:
      name: http_client_helper
      url: "http://pub.tuya-inc.top"
    source: hosted
    version: "0.2.1"
  http_parser:
    dependency: transitive
    description:
      name: http_parser
      url: "http://pub.tuya-inc.top"
    source: hosted
    version: "3.1.4"
  image_picker:
    dependency: "direct main"
    description:
      name: image_picker
      url: "http://pub.tuya-inc.top"
    source: hosted
    version: "0.6.7+14"
  image_picker_platform_interface:
    dependency: transitive
    description:
      name: image_picker_platform_interface
      url: "http://pub.tuya-inc.top"
    source: hosted
    version: "1.1.1"
  intl:
    dependency: transitive
    description:
      name: intl
      url: "http://pub.tuya-inc.top"
    source: hosted
    version: "0.16.1"
  loading_more_list:
    dependency: "direct main"
    description:
      name: loading_more_list
      url: "http://pub.tuya-inc.top"
    source: hosted
    version: "3.1.1"
  loading_more_list_library:
    dependency: transitive
    description:
      name: loading_more_list_library
      url: "http://pub.tuya-inc.top"
    source: hosted
    version: "1.0.2"
  matcher:
    dependency: transitive
    description:
      name: matcher
      url: "http://pub.tuya-inc.top"
    source: hosted
    version: "0.12.10-nullsafety.1"
  meta:
    dependency: transitive
    description:
      name: meta
      url: "http://pub.tuya-inc.top"
    source: hosted
    version: "1.3.0-nullsafety.3"
  mime:
    dependency: transitive
    description:
      name: mime
      url: "http://pub.tuya-inc.top"
    source: hosted
    version: "0.9.7"
  octo_image:
    dependency: transitive
    description:
      name: octo_image
      url: "http://pub.tuya-inc.top"
    source: hosted
    version: "0.3.0"
  open_iconic_flutter:
    dependency: "direct main"
    description:
      name: open_iconic_flutter
      url: "http://pub.tuya-inc.top"
    source: hosted
    version: "0.3.0"
  path:
    dependency: transitive
    description:
      name: path
      url: "http://pub.tuya-inc.top"
    source: hosted
    version: "1.8.0-nullsafety.1"
  path_provider:
    dependency: transitive
    description:
      name: path_provider
      url: "http://pub.tuya-inc.top"
    source: hosted
    version: "1.6.24"
  path_provider_linux:
    dependency: transitive
    description:
      name: path_provider_linux
      url: "http://pub.tuya-inc.top"
    source: hosted
    version: "0.0.1+2"
  path_provider_macos:
    dependency: transitive
    description:
      name: path_provider_macos
      url: "http://pub.tuya-inc.top"
    source: hosted
    version: "0.0.4+6"
  path_provider_platform_interface:
    dependency: transitive
    description:
      name: path_provider_platform_interface
      url: "http://pub.tuya-inc.top"
    source: hosted
    version: "1.0.4"
  path_provider_windows:
    dependency: transitive
    description:
      name: path_provider_windows
      url: "http://pub.tuya-inc.top"
    source: hosted
    version: "0.0.4+3"
  pedantic:
    dependency: transitive
    description:
      name: pedantic
      url: "http://pub.tuya-inc.top"
    source: hosted
    version: "1.9.2"
  photo_view:
    dependency: "direct main"
    description:
      name: photo_view
      url: "http://pub.tuya-inc.top"
    source: hosted
    version: "0.9.2"
  platform:
    dependency: transitive
    description:
      name: platform
      url: "http://pub.tuya-inc.top"
    source: hosted
    version: "2.2.1"
  plugin_platform_interface:
    dependency: transitive
    description:
      name: plugin_platform_interface
      url: "http://pub.tuya-inc.top"
    source: hosted
    version: "1.0.3"
  process:
    dependency: transitive
    description:
      name: process
      url: "http://pub.tuya-inc.top"
    source: hosted
    version: "3.0.13"
  provider:
    dependency: "direct main"
    description:
      name: provider
      url: "http://pub.tuya-inc.top"
    source: hosted
    version: "3.2.0"
  pull_to_refresh:
    dependency: "direct main"
    description:
      name: pull_to_refresh
      url: "http://pub.tuya-inc.top"
    source: hosted
    version: "1.6.3"
  rational:
    dependency: transitive
    description:
      name: rational
      url: "http://pub.tuya-inc.top"
    source: hosted
    version: "0.3.8"
  rxdart:
    dependency: transitive
    description:
      name: rxdart
      url: "http://pub.tuya-inc.top"
    source: hosted
    version: "0.24.1"
  screen:
    dependency: "direct main"
    description:
      name: screen
      url: "http://pub.tuya-inc.top"
    source: hosted
    version: "0.0.5"
  share:
    dependency: "direct main"
    description:
      name: share
      url: "http://pub.tuya-inc.top"
    source: hosted
    version: "0.6.5+4"
  shared_preferences:
    dependency: "direct main"
    description:
      name: shared_preferences
      url: "http://pub.tuya-inc.top"
    source: hosted
    version: "0.5.12+4"
  shared_preferences_linux:
    dependency: transitive
    description:
      name: shared_preferences_linux
      url: "http://pub.tuya-inc.top"
    source: hosted
    version: "0.0.2+4"
  shared_preferences_macos:
    dependency: transitive
    description:
      name: shared_preferences_macos
      url: "http://pub.tuya-inc.top"
    source: hosted
    version: "0.0.1+11"
  shared_preferences_platform_interface:
    dependency: transitive
    description:
      name: shared_preferences_platform_interface
      url: "http://pub.tuya-inc.top"
    source: hosted
    version: "1.0.4"
  shared_preferences_web:
    dependency: transitive
    description:
      name: shared_preferences_web
      url: "http://pub.tuya-inc.top"
    source: hosted
    version: "0.1.2+7"
  shared_preferences_windows:
    dependency: transitive
    description:
      name: shared_preferences_windows
      url: "http://pub.tuya-inc.top"
    source: hosted
    version: "0.0.1+3"
  sky_engine:
    dependency: transitive
    description: flutter
    source: sdk
    version: "0.0.99"
  source_span:
    dependency: transitive
    description:
      name: source_span
      url: "http://pub.tuya-inc.top"
    source: hosted
    version: "1.8.0-nullsafety.2"
  sqflite:
    dependency: transitive
    description:
      name: sqflite
      url: "http://pub.tuya-inc.top"
    source: hosted
    version: "1.3.2+1"
  sqflite_common:
    dependency: transitive
    description:
      name: sqflite_common
      url: "http://pub.tuya-inc.top"
    source: hosted
    version: "1.0.2+1"
  stack_trace:
    dependency: transitive
    description:
      name: stack_trace
      url: "http://pub.tuya-inc.top"
    source: hosted
    version: "1.10.0-nullsafety.1"
  stream_channel:
    dependency: transitive
    description:
      name: stream_channel
      url: "http://pub.tuya-inc.top"
    source: hosted
    version: "2.1.0-nullsafety.1"
  string_scanner:
    dependency: transitive
    description:
      name: string_scanner
      url: "http://pub.tuya-inc.top"
    source: hosted
    version: "1.1.0-nullsafety.1"
  synchronized:
    dependency: transitive
    description:
      name: synchronized
      url: "http://pub.tuya-inc.top"
    source: hosted
    version: "2.2.0+2"
  term_glyph:
    dependency: transitive
    description:
      name: term_glyph
      url: "http://pub.tuya-inc.top"
    source: hosted
    version: "1.2.0-nullsafety.1"
  test_api:
    dependency: transitive
    description:
      name: test_api
      url: "http://pub.tuya-inc.top"
    source: hosted
    version: "0.2.19-nullsafety.2"
  transformer_page_view:
    dependency: transitive
    description:
      name: transformer_page_view
      url: "http://pub.tuya-inc.top"
    source: hosted
    version: "0.1.6"
  typed_data:
    dependency: transitive
    description:
      name: typed_data
      url: "http://pub.tuya-inc.top"
    source: hosted
    version: "1.3.0-nullsafety.3"
  uuid:
    dependency: transitive
    description:
      name: uuid
      url: "http://pub.tuya-inc.top"
    source: hosted
    version: "2.2.2"
  vector_math:
    dependency: transitive
    description:
      name: vector_math
      url: "http://pub.tuya-inc.top"
    source: hosted
    version: "2.1.0-nullsafety.3"
  video_player:
    dependency: "direct main"
    description:
      name: video_player
      url: "http://pub.tuya-inc.top"
    source: hosted
    version: "0.10.12+5"
  video_player_platform_interface:
    dependency: transitive
    description:
      name: video_player_platform_interface
      url: "http://pub.tuya-inc.top"
    source: hosted
    version: "2.2.0"
  video_player_web:
    dependency: transitive
    description:
      name: video_player_web
      url: "http://pub.tuya-inc.top"
    source: hosted
    version: "0.1.4+1"
  waterfall_flow:
    dependency: transitive
    description:
      name: waterfall_flow
      url: "http://pub.tuya-inc.top"
    source: hosted
    version: "2.0.5"
  win32:
    dependency: transitive
    description:
      name: win32
      url: "http://pub.tuya-inc.top"
    source: hosted
    version: "1.7.4"
  xdg_directories:
    dependency: transitive
    description:
      name: xdg_directories
      url: "http://pub.tuya-inc.top"
    source: hosted
    version: "0.1.2"
sdks:
  dart: ">=2.10.2 <2.11.0"
  flutter: ">=1.22.2 <2.0.0"
